
Microsoft Visual Studio Solution File, Format Version 12.00
# Visual Studio Version 17
VisualStudioVersion = 17.1.32127.271
MinimumVisualStudioVersion = 10.0.40219.1
Project("{9A19103F-16F7-4668-BE54-9A1E7A4F7556}") = "crumbs", "crumbs.csproj", "{FBF70530-7B16-4135-808D-7184D78DA60F}"
EndProject
Global
	GlobalSection(SolutionConfigurationPlatforms) = preSolution
		Debug|Any CPU = Debug|Any CPU
		Release|Any CPU = Release|Any CPU
	EndGlobalSection
	GlobalSection(ProjectConfigurationPlatforms) = postSolution
		{FBF70530-7B16-4135-808D-7184D78DA60F}.Debug|Any CPU.ActiveCfg = Debug|Any CPU
		{FBF70530-7B16-4135-808D-7184D78DA60F}.Debug|Any CPU.Build.0 = Debug|Any CPU
		{FBF70530-7B16-4135-808D-7184D78DA60F}.Release|Any CPU.ActiveCfg = Release|Any CPU
		{FBF70530-7B16-4135-808D-7184D78DA60F}.Release|Any CPU.Build.0 = Release|Any CPU
	EndGlobalSection
	GlobalSection(SolutionProperties) = preSolution
		HideSolutionNode = FALSE
	EndGlobalSection
	GlobalSection(ExtensibilityGlobals) = postSolution
		SolutionGuid = {11AFD3EF-D11A-4457-8F25-E02CC7B8CFFF}
	EndGlobalSection
EndGlobal
